
Microsoft Visual Studio Solution File, Format Version 12.00
# Visual Studio Version 16
VisualStudioVersion = 16.0.33328.57
MinimumVisualStudioVersion = 10.0.40219.1
Project("{FAE04EC0-301F-11D3-BF4B-00C04F79EFBC}") = "RecommendationAlgorithm", "RecommendationAlgorithm\RecommendationAlgorithm.csproj", "{21D5359A-535F-4F9E-B3F7-637E1C020D8B}"
EndProject
Project("{FAE04EC0-301F-11D3-BF4B-00C04F79EFBC}") = "AlgorithmTest", "AlgorithmTest\AlgorithmTest.csproj", "{8ED85627-E37D-4CC5-B193-2ACC200DDE7D}"
EndProject
Global
	GlobalSection(SolutionConfigurationPlatforms) = preSolution
		Debug|Any CPU = Debug|Any CPU
		Debug|x64 = Debug|x64
		Debug|x86 = Debug|x86
		Release|Any CPU = Release|Any CPU
		Release|x64 = Release|x64
		Release|x86 = Release|x86
	EndGlobalSection
	GlobalSection(ProjectConfigurationPlatforms) = postSolution
		{21D5359A-535F-4F9E-B3F7-637E1C020D8B}.Debug|Any CPU.ActiveCfg = Debug|Any CPU
		{21D5359A-535F-4F9E-B3F7-637E1C020D8B}.Debug|Any CPU.Build.0 = Debug|Any CPU
		{21D5359A-535F-4F9E-B3F7-637E1C020D8B}.Debug|x64.ActiveCfg = Debug|Any CPU
		{21D5359A-535F-4F9E-B3F7-637E1C020D8B}.Debug|x64.Build.0 = Debug|Any CPU
		{21D5359A-535F-4F9E-B3F7-637E1C020D8B}.Debug|x86.ActiveCfg = Debug|Any CPU
		{21D5359A-535F-4F9E-B3F7-637E1C020D8B}.Debug|x86.Build.0 = Debug|Any CPU
		{21D5359A-535F-4F9E-B3F7-637E1C020D8B}.Release|Any CPU.ActiveCfg = Release|Any CPU
		{21D5359A-535F-4F9E-B3F7-637E1C020D8B}.Release|Any CPU.Build.0 = Release|Any CPU
		{21D5359A-535F-4F9E-B3F7-637E1C020D8B}.Release|x64.ActiveCfg = Release|Any CPU
		{21D5359A-535F-4F9E-B3F7-637E1C020D8B}.Release|x64.Build.0 = Release|Any CPU
		{21D5359A-535F-4F9E-B3F7-637E1C020D8B}.Release|x86.ActiveCfg = Release|Any CPU
		{21D5359A-535F-4F9E-B3F7-637E1C020D8B}.Release|x86.Build.0 = Release|Any CPU
		{8ED85627-E37D-4CC5-B193-2ACC200DDE7D}.Debug|Any CPU.ActiveCfg = Debug|Any CPU
		{8ED85627-E37D-4CC5-B193-2ACC200DDE7D}.Debug|Any CPU.Build.0 = Debug|Any CPU
		{8ED85627-E37D-4CC5-B193-2ACC200DDE7D}.Debug|x64.ActiveCfg = Debug|Any CPU
		{8ED85627-E37D-4CC5-B193-2ACC200DDE7D}.Debug|x64.Build.0 = Debug|Any CPU
		{8ED85627-E37D-4CC5-B193-2ACC200DDE7D}.Debug|x86.ActiveCfg = Debug|Any CPU
		{8ED85627-E37D-4CC5-B193-2ACC200DDE7D}.Debug|x86.Build.0 = Debug|Any CPU
		{8ED85627-E37D-4CC5-B193-2ACC200DDE7D}.Release|Any CPU.ActiveCfg = Release|Any CPU
		{8ED85627-E37D-4CC5-B193-2ACC200DDE7D}.Release|Any CPU.Build.0 = Release|Any CPU
		{8ED85627-E37D-4CC5-B193-2ACC200DDE7D}.Release|x64.ActiveCfg = Release|Any CPU
		{8ED85627-E37D-4CC5-B193-2ACC200DDE7D}.Release|x64.Build.0 = Release|Any CPU
		{8ED85627-E37D-4CC5-B193-2ACC200DDE7D}.Release|x86.ActiveCfg = Release|Any CPU
		{8ED85627-E37D-4CC5-B193-2ACC200DDE7D}.Release|x86.Build.0 = Release|Any CPU
	EndGlobalSection
	GlobalSection(SolutionProperties) = preSolution
		HideSolutionNode = FALSE
	EndGlobalSection
	GlobalSection(ExtensibilityGlobals) = postSolution
		SolutionGuid = {2EA84973-2733-43A7-831B-B0D9539847DE}
	EndGlobalSection
EndGlobal
